{
    "_readme": [
        "This file locks the dependencies of your project to a known state",
        "Read more about it at https://getcomposer.org/doc/01-basic-usage.md#composer-lock-the-lock-file",
        "This file is @generated automatically"
    ],
    "content-hash": "f9fcf6b36ff97de7c7583b514edb5f68",
    "packages": [
        {
            "name": "publishpress/addon-framework",
            "version": "1.0.2",
            "source": {
                "type": "git",
                "url": "https://github.com/OSTraining/PublishPress-Addon-Framework",
                "reference": "90f283c295016188c8594684708c8beef32122bb"
            },
            "type": "library",
            "autoload": {
                "psr-4": {
                    "PublishPressAddonFramework\\": "library/"
                }
            },
            "license": [
                "GPL-2"
            ],
            "authors": [
                {
                    "name": "PublishPress",
                    "email": "help@publishpress.com"
                }
            ],
            "time": "2018-06-11T19:24:49+00:00"
        }
    ],
    "packages-dev": [],
    "aliases": [],
    "minimum-stability": "stable",
    "stability-flags": [],
    "prefer-stable": false,
    "prefer-lowest": false,
    "platform": [],
    "platform-dev": []
}
