{
    "_readme": [
        "This file locks the dependencies of your project to a known state",
        "Read more about it at https://getcomposer.org/doc/01-basic-usage.md#composer-lock-the-lock-file",
        "This file is @generated automatically"
    ],
    "content-hash": "a7490d9d7181eb5603b6788041014d70",
    "packages": [
        {
            "name": "publishpress/addon-framework",
            "version": "1.0.2",
            "source": {
                "type": "git",
                "url": "https://github.com/OSTraining/PublishPress-Addon-Framework",
                "reference": "90f283c295016188c8594684708c8beef32122bb"
            },
            "type": "library",
            "autoload": {
                "psr-4": {
                    "PublishPressAddonFramework\\": "library/"
                }
            },
            "license": [
                "GPL-2"
            ],
            "authors": [
                {
                    "name": "PublishPress",
                    "email": "help@publishpress.com"
                }
            ],
            "time": "2018-06-11T19:24:49+00:00"
        },
        {
            "name": "publishpress/wordpress-plugin-builder",
            "version": "2.1.6",
            "source": {
                "type": "git",
                "url": "https://github.com/OSTraining/WordPress-Plugin-Builder",
                "reference": "92d16a9b3f48898e09ccf9f89cf0e1e9467c8a63"
            },
            "type": "library",
            "autoload": {
                "psr-4": {
                    "PublishPress\\Builder\\": "src/"
                }
            },
            "license": [
                "GPL-2.0+"
            ],
            "authors": [
                {
                    "name": "PublishPress",
                    "email": "help@publishpress.com",
                    "homepage": "https://publishpress.com"
                }
            ],
            "description": "Base class for WordPress plugin builder",
            "time": "2018-05-17T22:26:21+00:00"
        }
    ],
    "packages-dev": [],
    "aliases": [],
    "minimum-stability": "stable",
    "stability-flags": [],
    "prefer-stable": false,
    "prefer-lowest": false,
    "platform": [],
    "platform-dev": []
}
